
Microsoft Visual Studio Solution File, Format Version 12.00
# Visual Studio 15
Project("{FAE04EC0-301F-11D3-BF4B-00C04F79EFBC}") = "Assembly-CSharp-firstpass", "Assembly-CSharp-firstpass.csproj", "{D7182254-D6CE-1560-69AC-E93F4D7B211C}"
EndProject
Project("{FAE04EC0-301F-11D3-BF4B-00C04F79EFBC}") = "Assembly-CSharp", "Assembly-CSharp.csproj", "{35A0C8E5-0EBC-FAB7-2B3D-7E71375F5721}"
EndProject
Project("{FAE04EC0-301F-11D3-BF4B-00C04F79EFBC}") = "Assembly-CSharp-Editor-firstpass", "Assembly-CSharp-Editor-firstpass.csproj", "{8C94A6A0-CD81-4CA1-DDEF-BAACF70835D0}"
EndProject
Global
	GlobalSection(SolutionConfigurationPlatforms) = preSolution
		Debug|Any CPU = Debug|Any CPU
		Release|Any CPU = Release|Any CPU
	EndGlobalSection
	GlobalSection(ProjectConfigurationPlatforms) = postSolution
		{D7182254-D6CE-1560-69AC-E93F4D7B211C}.Debug|Any CPU.ActiveCfg = Debug|Any CPU
		{D7182254-D6CE-1560-69AC-E93F4D7B211C}.Debug|Any CPU.Build.0 = Debug|Any CPU
		{D7182254-D6CE-1560-69AC-E93F4D7B211C}.Release|Any CPU.ActiveCfg = Release|Any CPU
		{D7182254-D6CE-1560-69AC-E93F4D7B211C}.Release|Any CPU.Build.0 = Release|Any CPU
		{35A0C8E5-0EBC-FAB7-2B3D-7E71375F5721}.Debug|Any CPU.ActiveCfg = Debug|Any CPU
		{35A0C8E5-0EBC-FAB7-2B3D-7E71375F5721}.Debug|Any CPU.Build.0 = Debug|Any CPU
		{35A0C8E5-0EBC-FAB7-2B3D-7E71375F5721}.Release|Any CPU.ActiveCfg = Release|Any CPU
		{35A0C8E5-0EBC-FAB7-2B3D-7E71375F5721}.Release|Any CPU.Build.0 = Release|Any CPU
		{8C94A6A0-CD81-4CA1-DDEF-BAACF70835D0}.Debug|Any CPU.ActiveCfg = Debug|Any CPU
		{8C94A6A0-CD81-4CA1-DDEF-BAACF70835D0}.Debug|Any CPU.Build.0 = Debug|Any CPU
		{8C94A6A0-CD81-4CA1-DDEF-BAACF70835D0}.Release|Any CPU.ActiveCfg = Release|Any CPU
		{8C94A6A0-CD81-4CA1-DDEF-BAACF70835D0}.Release|Any CPU.Build.0 = Release|Any CPU
	EndGlobalSection
	GlobalSection(SolutionProperties) = preSolution
		HideSolutionNode = FALSE
	EndGlobalSection
EndGlobal
